
Microsoft Visual Studio Solution File, Format Version 12.00
# Visual Studio Version 17
VisualStudioVersion = 17.8.34601.278
MinimumVisualStudioVersion = 10.0.40219.1
Project("{9A19103F-16F7-4668-BE54-9A1E7A4F7556}") = "OrtalamaHesaplama", "OrtalamaHesaplama\OrtalamaHesaplama.csproj", "{E56C626E-5341-419D-80C6-7ED02EFED830}"
EndProject
Project("{9A19103F-16F7-4668-BE54-9A1E7A4F7556}") = "UcgenCizme", "UcgenCizme\UcgenCizme.csproj", "{0376C588-E01C-4A49-B06C-6049E164C113}"
EndProject
Project("{9A19103F-16F7-4668-BE54-9A1E7A4F7556}") = "DaireCizme", "DaireCizme\DaireCizme.csproj", "{C92BCF48-76F7-4E1D-BF34-D321A7311326}"
EndProject
Project("{FAE04EC0-301F-11D3-BF4B-00C04F79EFBC}") = "Algoritma", "Algoritma\Algoritma.csproj", "{8E0D210E-729F-4744-818E-8F775C032E0F}"
EndProject
Global
	GlobalSection(SolutionConfigurationPlatforms) = preSolution
		Debug|Any CPU = Debug|Any CPU
		Release|Any CPU = Release|Any CPU
	EndGlobalSection
	GlobalSection(ProjectConfigurationPlatforms) = postSolution
		{E56C626E-5341-419D-80C6-7ED02EFED830}.Debug|Any CPU.ActiveCfg = Debug|Any CPU
		{E56C626E-5341-419D-80C6-7ED02EFED830}.Debug|Any CPU.Build.0 = Debug|Any CPU
		{E56C626E-5341-419D-80C6-7ED02EFED830}.Release|Any CPU.ActiveCfg = Release|Any CPU
		{E56C626E-5341-419D-80C6-7ED02EFED830}.Release|Any CPU.Build.0 = Release|Any CPU
		{0376C588-E01C-4A49-B06C-6049E164C113}.Debug|Any CPU.ActiveCfg = Debug|Any CPU
		{0376C588-E01C-4A49-B06C-6049E164C113}.Debug|Any CPU.Build.0 = Debug|Any CPU
		{0376C588-E01C-4A49-B06C-6049E164C113}.Release|Any CPU.ActiveCfg = Release|Any CPU
		{0376C588-E01C-4A49-B06C-6049E164C113}.Release|Any CPU.Build.0 = Release|Any CPU
		{C92BCF48-76F7-4E1D-BF34-D321A7311326}.Debug|Any CPU.ActiveCfg = Debug|Any CPU
		{C92BCF48-76F7-4E1D-BF34-D321A7311326}.Debug|Any CPU.Build.0 = Debug|Any CPU
		{C92BCF48-76F7-4E1D-BF34-D321A7311326}.Release|Any CPU.ActiveCfg = Release|Any CPU
		{C92BCF48-76F7-4E1D-BF34-D321A7311326}.Release|Any CPU.Build.0 = Release|Any CPU
		{8E0D210E-729F-4744-818E-8F775C032E0F}.Debug|Any CPU.ActiveCfg = Debug|Any CPU
		{8E0D210E-729F-4744-818E-8F775C032E0F}.Debug|Any CPU.Build.0 = Debug|Any CPU
		{8E0D210E-729F-4744-818E-8F775C032E0F}.Release|Any CPU.ActiveCfg = Release|Any CPU
		{8E0D210E-729F-4744-818E-8F775C032E0F}.Release|Any CPU.Build.0 = Release|Any CPU
	EndGlobalSection
	GlobalSection(SolutionProperties) = preSolution
		HideSolutionNode = FALSE
	EndGlobalSection
	GlobalSection(ExtensibilityGlobals) = postSolution
		SolutionGuid = {65D09598-B779-4B48-A7C4-52F0082B5C1E}
	EndGlobalSection
EndGlobal
